
Microsoft Visual Studio Solution File, Format Version 12.00
# Visual Studio Version 17
VisualStudioVersion = 17.12.35707.178
MinimumVisualStudioVersion = 10.0.40219.1
Project("{FAE04EC0-301F-11D3-BF4B-00C04F79EFBC}") = "BLL", "..\BUL\BLL.csproj", "{F30AA0BA-C34B-4E47-9ECC-E89E27C9C3D0}"
EndProject
Project("{FAE04EC0-301F-11D3-BF4B-00C04F79EFBC}") = "DTO", "..\DTO\DTO.csproj", "{840FAABB-A9CE-46BD-BAB5-B6C6E1BC51B9}"
EndProject
Project("{FAE04EC0-301F-11D3-BF4B-00C04F79EFBC}") = "DAL", "..\DAL\DAL.csproj", "{F4FFD398-5EBB-4D96-A7B2-A95343FB6928}"
EndProject
Project("{2150E333-8FDC-42A3-9474-1A3956D46DE8}") = "Solution Items", "Solution Items", "{8EC462FD-D22E-90A8-E5CE-7E832BA40C5D}"
	ProjectSection(SolutionItems) = preProject
		.gitignore = .gitignore
	EndProjectSection
EndProject
Project("{FAE04EC0-301F-11D3-BF4B-00C04F79EFBC}") = "BTL_API_ADMIN", "..\BTL_API_USER\BTL_API_ADMIN.csproj", "{876347CF-1541-4BF4-A82C-D11413BD2FF6}"
EndProject
Global
	GlobalSection(SolutionConfigurationPlatforms) = preSolution
		Debug|Any CPU = Debug|Any CPU
		Release|Any CPU = Release|Any CPU
	EndGlobalSection
	GlobalSection(ProjectConfigurationPlatforms) = postSolution
		{F30AA0BA-C34B-4E47-9ECC-E89E27C9C3D0}.Debug|Any CPU.ActiveCfg = Debug|Any CPU
		{F30AA0BA-C34B-4E47-9ECC-E89E27C9C3D0}.Debug|Any CPU.Build.0 = Debug|Any CPU
		{F30AA0BA-C34B-4E47-9ECC-E89E27C9C3D0}.Release|Any CPU.ActiveCfg = Release|Any CPU
		{F30AA0BA-C34B-4E47-9ECC-E89E27C9C3D0}.Release|Any CPU.Build.0 = Release|Any CPU
		{840FAABB-A9CE-46BD-BAB5-B6C6E1BC51B9}.Debug|Any CPU.ActiveCfg = Debug|Any CPU
		{840FAABB-A9CE-46BD-BAB5-B6C6E1BC51B9}.Debug|Any CPU.Build.0 = Debug|Any CPU
		{840FAABB-A9CE-46BD-BAB5-B6C6E1BC51B9}.Release|Any CPU.ActiveCfg = Release|Any CPU
		{840FAABB-A9CE-46BD-BAB5-B6C6E1BC51B9}.Release|Any CPU.Build.0 = Release|Any CPU
		{F4FFD398-5EBB-4D96-A7B2-A95343FB6928}.Debug|Any CPU.ActiveCfg = Debug|Any CPU
		{F4FFD398-5EBB-4D96-A7B2-A95343FB6928}.Debug|Any CPU.Build.0 = Debug|Any CPU
		{F4FFD398-5EBB-4D96-A7B2-A95343FB6928}.Release|Any CPU.ActiveCfg = Release|Any CPU
		{F4FFD398-5EBB-4D96-A7B2-A95343FB6928}.Release|Any CPU.Build.0 = Release|Any CPU
		{876347CF-1541-4BF4-A82C-D11413BD2FF6}.Debug|Any CPU.ActiveCfg = Debug|Any CPU
		{876347CF-1541-4BF4-A82C-D11413BD2FF6}.Debug|Any CPU.Build.0 = Debug|Any CPU
		{876347CF-1541-4BF4-A82C-D11413BD2FF6}.Release|Any CPU.ActiveCfg = Release|Any CPU
		{876347CF-1541-4BF4-A82C-D11413BD2FF6}.Release|Any CPU.Build.0 = Release|Any CPU
	EndGlobalSection
	GlobalSection(SolutionProperties) = preSolution
		HideSolutionNode = FALSE
	EndGlobalSection
	GlobalSection(ExtensibilityGlobals) = postSolution
		SolutionGuid = {C194954E-3124-47D3-9868-40117123A3C8}
	EndGlobalSection
EndGlobal
